
Microsoft Visual Studio Solution File, Format Version 12.00
# Visual Studio Version 17
VisualStudioVersion = 17.0.31619.372
MinimumVisualStudioVersion = 10.0.40219.1
Project("{FAE04EC0-301F-11D3-BF4B-00C04F79EFBC}") = "MauiApp13", "MauiApp13\MauiApp13.csproj", "{29C0E479-F9BD-48E1-8AD4-320851DEE3EF}"
EndProject
Global
	GlobalSection(SolutionConfigurationPlatforms) = preSolution
		Debug|Any CPU = Debug|Any CPU
		Release|Any CPU = Release|Any CPU
	EndGlobalSection
	GlobalSection(ProjectConfigurationPlatforms) = postSolution
		{29C0E479-F9BD-48E1-8AD4-320851DEE3EF}.Debug|Any CPU.ActiveCfg = Debug|Any CPU
		{29C0E479-F9BD-48E1-8AD4-320851DEE3EF}.Debug|Any CPU.Build.0 = Debug|Any CPU
		{29C0E479-F9BD-48E1-8AD4-320851DEE3EF}.Debug|Any CPU.Deploy.0 = Debug|Any CPU
		{29C0E479-F9BD-48E1-8AD4-320851DEE3EF}.Release|Any CPU.ActiveCfg = Release|Any CPU
		{29C0E479-F9BD-48E1-8AD4-320851DEE3EF}.Release|Any CPU.Build.0 = Release|Any CPU
		{29C0E479-F9BD-48E1-8AD4-320851DEE3EF}.Release|Any CPU.Deploy.0 = Release|Any CPU
	EndGlobalSection
	GlobalSection(SolutionProperties) = preSolution
		HideSolutionNode = FALSE
	EndGlobalSection
	GlobalSection(ExtensibilityGlobals) = postSolution
		SolutionGuid = {59079D6D-C0C6-426C-9F13-F655E6095FC9}
	EndGlobalSection
EndGlobal
